
Microsoft Visual Studio Solution File, Format Version 12.00
# Visual Studio Version 17
VisualStudioVersion = 17.2.32526.322
MinimumVisualStudioVersion = 10.0.40219.1
Project("{9A19103F-16F7-4668-BE54-9A1E7A4F7556}") = "Slices.V1.Model.Tests", "Slices.V1.Model.Tests\Slices.V1.Model.Tests.csproj", "{92801E55-8726-4C6B-9C0E-D34E73509E36}"
EndProject
Project("{9A19103F-16F7-4668-BE54-9A1E7A4F7556}") = "Slices.V1.Converters.Common", "Slices.V1.Converters.Common\Slices.V1.Converters.Common.csproj", "{E6AB18B0-9F5A-4AB9-A0A9-08C00D7A1312}"
EndProject
Project("{9A19103F-16F7-4668-BE54-9A1E7A4F7556}") = "Slices.V1.Converters.DublinCore", "Slices.V1.Converters.DublinCore\Slices.V1.Converters.DublinCore.csproj", "{43607D71-150E-4A55-A6C5-39768664038A}"
EndProject
Project("{9A19103F-16F7-4668-BE54-9A1E7A4F7556}") = "Slices.V1.Converters.DublinCore.Tests", "Slices.V1.Converters.DublinCore.Tests\Slices.V1.Converters.DublinCore.Tests.csproj", "{6D22ECF0-8D74-4DA4-AD15-FD915C88BDAE}"
EndProject
Project("{9A19103F-16F7-4668-BE54-9A1E7A4F7556}") = "Slices.TestsSupport", "Slices.TestsSupport\Slices.TestsSupport.csproj", "{AF692E0F-D800-4863-A679-441BF6F6AD6F}"
EndProject
Project("{9A19103F-16F7-4668-BE54-9A1E7A4F7556}") = "Slices.V1.Converters.Common.Tests", "Slices.V1.Converters.Common.Tests\Slices.V1.Converters.Common.Tests.csproj", "{B14D55E5-FE09-4CDA-85AE-7626B37CBA34}"
EndProject
Project("{9A19103F-16F7-4668-BE54-9A1E7A4F7556}") = "Slices.V1.Converters.DataCite", "Slices.V1.Converters.DataCite\Slices.V1.Converters.DataCite.csproj", "{DFE00034-527C-4570-A723-C5F4A30463C4}"
EndProject
Project("{9A19103F-16F7-4668-BE54-9A1E7A4F7556}") = "Slices.V1.Converters.DataCite.Tests", "Slices.V1.Converters.DataCite.Tests\Slices.V1.Converters.DataCite.Tests.csproj", "{48AFBA9A-AB68-4871-9C69-D6675DE1E299}"
EndProject
Project("{FAE04EC0-301F-11D3-BF4B-00C04F79EFBC}") = "Slices.DemoCLI", "Slices.DemoCLI\Slices.DemoCLI.csproj", "{1F289ED1-DD12-4135-9156-9F2E4A10213E}"
EndProject
Project("{FAE04EC0-301F-11D3-BF4B-00C04F79EFBC}") = "Slices.V1.Model", "Slices.V1.Model\Slices.V1.Model.csproj", "{222BD08D-D4C8-4359-BC2A-72CFAEC7C8A6}"
EndProject
Project("{FAE04EC0-301F-11D3-BF4B-00C04F79EFBC}") = "Slices.Common", "Slices.Common\Slices.Common.csproj", "{45CFFA5F-0F8E-4735-9103-C868C384843C}"
EndProject
Global
	GlobalSection(SolutionConfigurationPlatforms) = preSolution
		Debug|Any CPU = Debug|Any CPU
		Release|Any CPU = Release|Any CPU
	EndGlobalSection
	GlobalSection(ProjectConfigurationPlatforms) = postSolution
		{92801E55-8726-4C6B-9C0E-D34E73509E36}.Debug|Any CPU.ActiveCfg = Debug|Any CPU
		{92801E55-8726-4C6B-9C0E-D34E73509E36}.Debug|Any CPU.Build.0 = Debug|Any CPU
		{92801E55-8726-4C6B-9C0E-D34E73509E36}.Release|Any CPU.ActiveCfg = Release|Any CPU
		{92801E55-8726-4C6B-9C0E-D34E73509E36}.Release|Any CPU.Build.0 = Release|Any CPU
		{E6AB18B0-9F5A-4AB9-A0A9-08C00D7A1312}.Debug|Any CPU.ActiveCfg = Debug|Any CPU
		{E6AB18B0-9F5A-4AB9-A0A9-08C00D7A1312}.Debug|Any CPU.Build.0 = Debug|Any CPU
		{E6AB18B0-9F5A-4AB9-A0A9-08C00D7A1312}.Release|Any CPU.ActiveCfg = Release|Any CPU
		{E6AB18B0-9F5A-4AB9-A0A9-08C00D7A1312}.Release|Any CPU.Build.0 = Release|Any CPU
		{43607D71-150E-4A55-A6C5-39768664038A}.Debug|Any CPU.ActiveCfg = Debug|Any CPU
		{43607D71-150E-4A55-A6C5-39768664038A}.Debug|Any CPU.Build.0 = Debug|Any CPU
		{43607D71-150E-4A55-A6C5-39768664038A}.Release|Any CPU.ActiveCfg = Release|Any CPU
		{43607D71-150E-4A55-A6C5-39768664038A}.Release|Any CPU.Build.0 = Release|Any CPU
		{6D22ECF0-8D74-4DA4-AD15-FD915C88BDAE}.Debug|Any CPU.ActiveCfg = Debug|Any CPU
		{6D22ECF0-8D74-4DA4-AD15-FD915C88BDAE}.Debug|Any CPU.Build.0 = Debug|Any CPU
		{6D22ECF0-8D74-4DA4-AD15-FD915C88BDAE}.Release|Any CPU.ActiveCfg = Release|Any CPU
		{6D22ECF0-8D74-4DA4-AD15-FD915C88BDAE}.Release|Any CPU.Build.0 = Release|Any CPU
		{AF692E0F-D800-4863-A679-441BF6F6AD6F}.Debug|Any CPU.ActiveCfg = Debug|Any CPU
		{AF692E0F-D800-4863-A679-441BF6F6AD6F}.Debug|Any CPU.Build.0 = Debug|Any CPU
		{AF692E0F-D800-4863-A679-441BF6F6AD6F}.Release|Any CPU.ActiveCfg = Release|Any CPU
		{AF692E0F-D800-4863-A679-441BF6F6AD6F}.Release|Any CPU.Build.0 = Release|Any CPU
		{B14D55E5-FE09-4CDA-85AE-7626B37CBA34}.Debug|Any CPU.ActiveCfg = Debug|Any CPU
		{B14D55E5-FE09-4CDA-85AE-7626B37CBA34}.Debug|Any CPU.Build.0 = Debug|Any CPU
		{B14D55E5-FE09-4CDA-85AE-7626B37CBA34}.Release|Any CPU.ActiveCfg = Release|Any CPU
		{B14D55E5-FE09-4CDA-85AE-7626B37CBA34}.Release|Any CPU.Build.0 = Release|Any CPU
		{DFE00034-527C-4570-A723-C5F4A30463C4}.Debug|Any CPU.ActiveCfg = Debug|Any CPU
		{DFE00034-527C-4570-A723-C5F4A30463C4}.Debug|Any CPU.Build.0 = Debug|Any CPU
		{DFE00034-527C-4570-A723-C5F4A30463C4}.Release|Any CPU.ActiveCfg = Release|Any CPU
		{DFE00034-527C-4570-A723-C5F4A30463C4}.Release|Any CPU.Build.0 = Release|Any CPU
		{48AFBA9A-AB68-4871-9C69-D6675DE1E299}.Debug|Any CPU.ActiveCfg = Debug|Any CPU
		{48AFBA9A-AB68-4871-9C69-D6675DE1E299}.Debug|Any CPU.Build.0 = Debug|Any CPU
		{48AFBA9A-AB68-4871-9C69-D6675DE1E299}.Release|Any CPU.ActiveCfg = Release|Any CPU
		{48AFBA9A-AB68-4871-9C69-D6675DE1E299}.Release|Any CPU.Build.0 = Release|Any CPU
		{1F289ED1-DD12-4135-9156-9F2E4A10213E}.Debug|Any CPU.ActiveCfg = Debug|Any CPU
		{1F289ED1-DD12-4135-9156-9F2E4A10213E}.Debug|Any CPU.Build.0 = Debug|Any CPU
		{1F289ED1-DD12-4135-9156-9F2E4A10213E}.Release|Any CPU.ActiveCfg = Release|Any CPU
		{1F289ED1-DD12-4135-9156-9F2E4A10213E}.Release|Any CPU.Build.0 = Release|Any CPU
		{222BD08D-D4C8-4359-BC2A-72CFAEC7C8A6}.Debug|Any CPU.ActiveCfg = Debug|Any CPU
		{222BD08D-D4C8-4359-BC2A-72CFAEC7C8A6}.Debug|Any CPU.Build.0 = Debug|Any CPU
		{222BD08D-D4C8-4359-BC2A-72CFAEC7C8A6}.Release|Any CPU.ActiveCfg = Release|Any CPU
		{222BD08D-D4C8-4359-BC2A-72CFAEC7C8A6}.Release|Any CPU.Build.0 = Release|Any CPU
		{45CFFA5F-0F8E-4735-9103-C868C384843C}.Debug|Any CPU.ActiveCfg = Debug|Any CPU
		{45CFFA5F-0F8E-4735-9103-C868C384843C}.Debug|Any CPU.Build.0 = Debug|Any CPU
		{45CFFA5F-0F8E-4735-9103-C868C384843C}.Release|Any CPU.ActiveCfg = Release|Any CPU
		{45CFFA5F-0F8E-4735-9103-C868C384843C}.Release|Any CPU.Build.0 = Release|Any CPU
	EndGlobalSection
	GlobalSection(SolutionProperties) = preSolution
		HideSolutionNode = FALSE
	EndGlobalSection
	GlobalSection(ExtensibilityGlobals) = postSolution
		SolutionGuid = {970D6C08-7252-45C8-A7D4-4A3578A8EDA7}
	EndGlobalSection
EndGlobal
