
Microsoft Visual Studio Solution File, Format Version 12.00
# Visual Studio Version 17
VisualStudioVersion = 17.2.32526.322
MinimumVisualStudioVersion = 10.0.40219.1
Project("{9A19103F-16F7-4668-BE54-9A1E7A4F7556}") = "Slices.V1.Format", "Slices.V1.Format\Slices.V1.Format.csproj", "{4C2F3B0F-7355-4F82-B733-A7390FFBA31F}"
EndProject
Project("{9A19103F-16F7-4668-BE54-9A1E7A4F7556}") = "Slices.V1.FormatAnnotations", "Slices.V1.FormatAnnotations\Slices.V1.FormatAnnotations.csproj", "{D14DF4B4-2BEA-4FDB-A046-3A5F07A42C09}"
EndProject
Project("{9A19103F-16F7-4668-BE54-9A1E7A4F7556}") = "Slices.V1.FormatAnnotations.Tests", "Slices.V1.FormatAnnotations.Tests\Slices.V1.FormatAnnotations.Tests.csproj", "{92801E55-8726-4C6B-9C0E-D34E73509E36}"
EndProject
Project("{9A19103F-16F7-4668-BE54-9A1E7A4F7556}") = "Slices.V1.ExternalConverters", "Slices.V1.ExternalConverters\Slices.V1.ExternalConverters.csproj", "{E6AB18B0-9F5A-4AB9-A0A9-08C00D7A1312}"
EndProject
Project("{FAE04EC0-301F-11D3-BF4B-00C04F79EFBC}") = "Slices.V1.ExternalConverters.DublinCore", "Slices.V1.ExternalConverters.DublinCore\Slices.V1.ExternalConverters.DublinCore.csproj", "{43607D71-150E-4A55-A6C5-39768664038A}"
EndProject
Project("{FAE04EC0-301F-11D3-BF4B-00C04F79EFBC}") = "Slices.V1.ExternalConverters.DublinCore.Tests", "Slices.V1.ExternalConverters.DublinCore.Tests\Slices.V1.ExternalConverters.DublinCore.Tests.csproj", "{6D22ECF0-8D74-4DA4-AD15-FD915C88BDAE}"
EndProject
Global
	GlobalSection(SolutionConfigurationPlatforms) = preSolution
		Debug|Any CPU = Debug|Any CPU
		Release|Any CPU = Release|Any CPU
	EndGlobalSection
	GlobalSection(ProjectConfigurationPlatforms) = postSolution
		{4C2F3B0F-7355-4F82-B733-A7390FFBA31F}.Debug|Any CPU.ActiveCfg = Debug|Any CPU
		{4C2F3B0F-7355-4F82-B733-A7390FFBA31F}.Debug|Any CPU.Build.0 = Debug|Any CPU
		{4C2F3B0F-7355-4F82-B733-A7390FFBA31F}.Release|Any CPU.ActiveCfg = Release|Any CPU
		{4C2F3B0F-7355-4F82-B733-A7390FFBA31F}.Release|Any CPU.Build.0 = Release|Any CPU
		{D14DF4B4-2BEA-4FDB-A046-3A5F07A42C09}.Debug|Any CPU.ActiveCfg = Debug|Any CPU
		{D14DF4B4-2BEA-4FDB-A046-3A5F07A42C09}.Debug|Any CPU.Build.0 = Debug|Any CPU
		{D14DF4B4-2BEA-4FDB-A046-3A5F07A42C09}.Release|Any CPU.ActiveCfg = Release|Any CPU
		{D14DF4B4-2BEA-4FDB-A046-3A5F07A42C09}.Release|Any CPU.Build.0 = Release|Any CPU
		{92801E55-8726-4C6B-9C0E-D34E73509E36}.Debug|Any CPU.ActiveCfg = Debug|Any CPU
		{92801E55-8726-4C6B-9C0E-D34E73509E36}.Debug|Any CPU.Build.0 = Debug|Any CPU
		{92801E55-8726-4C6B-9C0E-D34E73509E36}.Release|Any CPU.ActiveCfg = Release|Any CPU
		{92801E55-8726-4C6B-9C0E-D34E73509E36}.Release|Any CPU.Build.0 = Release|Any CPU
		{E6AB18B0-9F5A-4AB9-A0A9-08C00D7A1312}.Debug|Any CPU.ActiveCfg = Debug|Any CPU
		{E6AB18B0-9F5A-4AB9-A0A9-08C00D7A1312}.Debug|Any CPU.Build.0 = Debug|Any CPU
		{E6AB18B0-9F5A-4AB9-A0A9-08C00D7A1312}.Release|Any CPU.ActiveCfg = Release|Any CPU
		{E6AB18B0-9F5A-4AB9-A0A9-08C00D7A1312}.Release|Any CPU.Build.0 = Release|Any CPU
		{43607D71-150E-4A55-A6C5-39768664038A}.Debug|Any CPU.ActiveCfg = Debug|Any CPU
		{43607D71-150E-4A55-A6C5-39768664038A}.Debug|Any CPU.Build.0 = Debug|Any CPU
		{43607D71-150E-4A55-A6C5-39768664038A}.Release|Any CPU.ActiveCfg = Release|Any CPU
		{43607D71-150E-4A55-A6C5-39768664038A}.Release|Any CPU.Build.0 = Release|Any CPU
		{6D22ECF0-8D74-4DA4-AD15-FD915C88BDAE}.Debug|Any CPU.ActiveCfg = Debug|Any CPU
		{6D22ECF0-8D74-4DA4-AD15-FD915C88BDAE}.Debug|Any CPU.Build.0 = Debug|Any CPU
		{6D22ECF0-8D74-4DA4-AD15-FD915C88BDAE}.Release|Any CPU.ActiveCfg = Release|Any CPU
		{6D22ECF0-8D74-4DA4-AD15-FD915C88BDAE}.Release|Any CPU.Build.0 = Release|Any CPU
	EndGlobalSection
	GlobalSection(SolutionProperties) = preSolution
		HideSolutionNode = FALSE
	EndGlobalSection
	GlobalSection(ExtensibilityGlobals) = postSolution
		SolutionGuid = {970D6C08-7252-45C8-A7D4-4A3578A8EDA7}
	EndGlobalSection
EndGlobal
